
Microsoft Visual Studio Solution File, Format Version 12.00
# Visual Studio Version 17
VisualStudioVersion = 17.10.34928.147
MinimumVisualStudioVersion = 10.0.40219.1
Project("{9A19103F-16F7-4668-BE54-9A1E7A4F7556}") = "Project", "Project\Project.csproj", "{7223E23F-45B2-4390-9DF1-C35967E6690A}"
EndProject
Project("{9A19103F-16F7-4668-BE54-9A1E7A4F7556}") = "Database", "Database\Database.csproj", "{AAD32213-3BCA-4A7D-A5AC-CD9DF2411C49}"
EndProject
Global
	GlobalSection(SolutionConfigurationPlatforms) = preSolution
		Debug|Any CPU = Debug|Any CPU
		Debug|x64 = Debug|x64
		Release|Any CPU = Release|Any CPU
		Release|x64 = Release|x64
	EndGlobalSection
	GlobalSection(ProjectConfigurationPlatforms) = postSolution
		{7223E23F-45B2-4390-9DF1-C35967E6690A}.Debug|Any CPU.ActiveCfg = Debug|Any CPU
		{7223E23F-45B2-4390-9DF1-C35967E6690A}.Debug|Any CPU.Build.0 = Debug|Any CPU
		{7223E23F-45B2-4390-9DF1-C35967E6690A}.Debug|Any CPU.Deploy.0 = Debug|Any CPU
		{7223E23F-45B2-4390-9DF1-C35967E6690A}.Debug|x64.ActiveCfg = Debug|x64
		{7223E23F-45B2-4390-9DF1-C35967E6690A}.Debug|x64.Build.0 = Debug|x64
		{7223E23F-45B2-4390-9DF1-C35967E6690A}.Debug|x64.Deploy.0 = Debug|x64
		{7223E23F-45B2-4390-9DF1-C35967E6690A}.Release|Any CPU.ActiveCfg = Release|Any CPU
		{7223E23F-45B2-4390-9DF1-C35967E6690A}.Release|Any CPU.Build.0 = Release|Any CPU
		{7223E23F-45B2-4390-9DF1-C35967E6690A}.Release|Any CPU.Deploy.0 = Release|Any CPU
		{7223E23F-45B2-4390-9DF1-C35967E6690A}.Release|x64.ActiveCfg = Release|x64
		{7223E23F-45B2-4390-9DF1-C35967E6690A}.Release|x64.Build.0 = Release|x64
		{7223E23F-45B2-4390-9DF1-C35967E6690A}.Release|x64.Deploy.0 = Release|x64
		{AAD32213-3BCA-4A7D-A5AC-CD9DF2411C49}.Debug|Any CPU.ActiveCfg = Debug|Any CPU
		{AAD32213-3BCA-4A7D-A5AC-CD9DF2411C49}.Debug|Any CPU.Build.0 = Debug|Any CPU
		{AAD32213-3BCA-4A7D-A5AC-CD9DF2411C49}.Debug|x64.ActiveCfg = Debug|x64
		{AAD32213-3BCA-4A7D-A5AC-CD9DF2411C49}.Debug|x64.Build.0 = Debug|x64
		{AAD32213-3BCA-4A7D-A5AC-CD9DF2411C49}.Release|Any CPU.ActiveCfg = Release|Any CPU
		{AAD32213-3BCA-4A7D-A5AC-CD9DF2411C49}.Release|Any CPU.Build.0 = Release|Any CPU
		{AAD32213-3BCA-4A7D-A5AC-CD9DF2411C49}.Release|x64.ActiveCfg = Release|x64
		{AAD32213-3BCA-4A7D-A5AC-CD9DF2411C49}.Release|x64.Build.0 = Release|x64
	EndGlobalSection
	GlobalSection(SolutionProperties) = preSolution
		HideSolutionNode = FALSE
	EndGlobalSection
	GlobalSection(ExtensibilityGlobals) = postSolution
		SolutionGuid = {C46F24E8-5991-4C61-82D4-281562D5EC59}
	EndGlobalSection
EndGlobal
